
Microsoft Visual Studio Solution File, Format Version 12.00
# Visual Studio 2012
Project("{FAE04EC0-301F-11D3-BF4B-00C04F79EFBC}") = "GLyra.Dota2", "GLyra.Dota2\GLyra.Dota2.csproj", "{44707753-D9A9-4726-89E5-B0B8EBC27EC2}"
EndProject
Global
	GlobalSection(SolutionConfigurationPlatforms) = preSolution
		Debug|Any CPU = Debug|Any CPU
		Release|Any CPU = Release|Any CPU
	EndGlobalSection
	GlobalSection(ProjectConfigurationPlatforms) = postSolution
		{44707753-D9A9-4726-89E5-B0B8EBC27EC2}.Debug|Any CPU.ActiveCfg = Debug|Any CPU
		{44707753-D9A9-4726-89E5-B0B8EBC27EC2}.Debug|Any CPU.Build.0 = Debug|Any CPU
		{44707753-D9A9-4726-89E5-B0B8EBC27EC2}.Release|Any CPU.ActiveCfg = Release|Any CPU
		{44707753-D9A9-4726-89E5-B0B8EBC27EC2}.Release|Any CPU.Build.0 = Release|Any CPU
	EndGlobalSection
	GlobalSection(SolutionProperties) = preSolution
		HideSolutionNode = FALSE
	EndGlobalSection
EndGlobal
